
Microsoft Visual Studio Solution File, Format Version 12.00
# Visual Studio Version 16
VisualStudioVersion = 16.0.29020.237
MinimumVisualStudioVersion = 10.0.40219.1
Project("{FAE04EC0-301F-11D3-BF4B-00C04F79EFBC}") = "ClasseEstatica", "ClasseEstatica\ClasseEstatica.csproj", "{239503B8-855B-48D1-9CA3-6A2BB486F255}"
EndProject
Global
	GlobalSection(SolutionConfigurationPlatforms) = preSolution
		Debug|Any CPU = Debug|Any CPU
		Release|Any CPU = Release|Any CPU
	EndGlobalSection
	GlobalSection(ProjectConfigurationPlatforms) = postSolution
		{239503B8-855B-48D1-9CA3-6A2BB486F255}.Debug|Any CPU.ActiveCfg = Debug|Any CPU
		{239503B8-855B-48D1-9CA3-6A2BB486F255}.Debug|Any CPU.Build.0 = Debug|Any CPU
		{239503B8-855B-48D1-9CA3-6A2BB486F255}.Release|Any CPU.ActiveCfg = Release|Any CPU
		{239503B8-855B-48D1-9CA3-6A2BB486F255}.Release|Any CPU.Build.0 = Release|Any CPU
	EndGlobalSection
	GlobalSection(SolutionProperties) = preSolution
		HideSolutionNode = FALSE
	EndGlobalSection
	GlobalSection(ExtensibilityGlobals) = postSolution
		SolutionGuid = {6E006824-0BD9-4741-A18F-F576116292F9}
	EndGlobalSection
EndGlobal
